
Microsoft Visual Studio Solution File, Format Version 12.00
# Visual Studio 15
VisualStudioVersion = 15.0.26020.0
MinimumVisualStudioVersion = 10.0.40219.1
Project("{FAE04EC0-301F-11D3-BF4B-00C04F79EFBC}") = "YuSsChat", "YuSsChat\YuSsChat.csproj", "{7AFD712E-925C-410B-A94A-30B37EE790F4}"
EndProject
Global
	GlobalSection(SolutionConfigurationPlatforms) = preSolution
		Debug|Any CPU = Debug|Any CPU
		Release|Any CPU = Release|Any CPU
	EndGlobalSection
	GlobalSection(ProjectConfigurationPlatforms) = postSolution
		{7AFD712E-925C-410B-A94A-30B37EE790F4}.Debug|Any CPU.ActiveCfg = Debug|Any CPU
		{7AFD712E-925C-410B-A94A-30B37EE790F4}.Debug|Any CPU.Build.0 = Debug|Any CPU
		{7AFD712E-925C-410B-A94A-30B37EE790F4}.Release|Any CPU.ActiveCfg = Release|Any CPU
		{7AFD712E-925C-410B-A94A-30B37EE790F4}.Release|Any CPU.Build.0 = Release|Any CPU
	EndGlobalSection
	GlobalSection(SolutionProperties) = preSolution
		HideSolutionNode = FALSE
	EndGlobalSection
EndGlobal
